
Microsoft Visual Studio Solution File, Format Version 12.00
# Visual Studio Version 16
VisualStudioVersion = 16.0.30406.217
MinimumVisualStudioVersion = 10.0.40219.1
Project("{9A19103F-16F7-4668-BE54-9A1E7A4F7556}") = "Uyanda.Coffee.Application", "Uyanda.Coffee.Application\Uyanda.Coffee.Application.csproj", "{D4C9CEA6-7485-4C9D-8A20-87C6927EB9C8}"
EndProject
Project("{9A19103F-16F7-4668-BE54-9A1E7A4F7556}") = "Uyanda.Coffee.WebApi", "Uyanda.Coffee.WebApi\Uyanda.Coffee.WebApi.csproj", "{70F3DD2E-B203-43BF-8FC6-63B35366C18E}"
EndProject
Project("{9A19103F-16F7-4668-BE54-9A1E7A4F7556}") = "Uyanda.Coffee.Integration", "Uyanda.Coffee.Integration\Uyanda.Coffee.Integration.csproj", "{D61356F3-4945-42CC-A965-AC78A7D73732}"
EndProject
Project("{9A19103F-16F7-4668-BE54-9A1E7A4F7556}") = "Uyanda.Coffee.Services", "Uyanda.Coffee.Services\Uyanda.Coffee.Services.csproj", "{74AF2AB4-1D2F-4536-B09E-B25C378A41B5}"
EndProject
Project("{FAE04EC0-301F-11D3-BF4B-00C04F79EFBC}") = "Uyanda.Coffee.Persistence", "Uyanda.Coffee.Persistence\Uyanda.Coffee.Persistence.csproj", "{246798B3-9250-4B2B-8E20-71EEC1807244}"
EndProject
Project("{2150E333-8FDC-42A3-9474-1A3956D46DE8}") = "Tests", "Tests", "{5372178B-29C8-4D71-BE21-EDC4F9F2045B}"
EndProject
Project("{FAE04EC0-301F-11D3-BF4B-00C04F79EFBC}") = "Uyanda.Coffee.Tests.Unit", "Uyanda.Coffee.Tests.Unit\Uyanda.Coffee.Tests.Unit.csproj", "{E773C391-57F1-455E-B36D-5DA81A53AA5F}"
EndProject
Global
	GlobalSection(SolutionConfigurationPlatforms) = preSolution
		Debug|Any CPU = Debug|Any CPU
		Release|Any CPU = Release|Any CPU
	EndGlobalSection
	GlobalSection(ProjectConfigurationPlatforms) = postSolution
		{D4C9CEA6-7485-4C9D-8A20-87C6927EB9C8}.Debug|Any CPU.ActiveCfg = Debug|Any CPU
		{D4C9CEA6-7485-4C9D-8A20-87C6927EB9C8}.Debug|Any CPU.Build.0 = Debug|Any CPU
		{D4C9CEA6-7485-4C9D-8A20-87C6927EB9C8}.Release|Any CPU.ActiveCfg = Release|Any CPU
		{D4C9CEA6-7485-4C9D-8A20-87C6927EB9C8}.Release|Any CPU.Build.0 = Release|Any CPU
		{70F3DD2E-B203-43BF-8FC6-63B35366C18E}.Debug|Any CPU.ActiveCfg = Debug|Any CPU
		{70F3DD2E-B203-43BF-8FC6-63B35366C18E}.Debug|Any CPU.Build.0 = Debug|Any CPU
		{70F3DD2E-B203-43BF-8FC6-63B35366C18E}.Release|Any CPU.ActiveCfg = Release|Any CPU
		{70F3DD2E-B203-43BF-8FC6-63B35366C18E}.Release|Any CPU.Build.0 = Release|Any CPU
		{D61356F3-4945-42CC-A965-AC78A7D73732}.Debug|Any CPU.ActiveCfg = Debug|Any CPU
		{D61356F3-4945-42CC-A965-AC78A7D73732}.Debug|Any CPU.Build.0 = Debug|Any CPU
		{D61356F3-4945-42CC-A965-AC78A7D73732}.Release|Any CPU.ActiveCfg = Release|Any CPU
		{D61356F3-4945-42CC-A965-AC78A7D73732}.Release|Any CPU.Build.0 = Release|Any CPU
		{74AF2AB4-1D2F-4536-B09E-B25C378A41B5}.Debug|Any CPU.ActiveCfg = Debug|Any CPU
		{74AF2AB4-1D2F-4536-B09E-B25C378A41B5}.Debug|Any CPU.Build.0 = Debug|Any CPU
		{74AF2AB4-1D2F-4536-B09E-B25C378A41B5}.Release|Any CPU.ActiveCfg = Release|Any CPU
		{74AF2AB4-1D2F-4536-B09E-B25C378A41B5}.Release|Any CPU.Build.0 = Release|Any CPU
		{246798B3-9250-4B2B-8E20-71EEC1807244}.Debug|Any CPU.ActiveCfg = Debug|Any CPU
		{246798B3-9250-4B2B-8E20-71EEC1807244}.Debug|Any CPU.Build.0 = Debug|Any CPU
		{246798B3-9250-4B2B-8E20-71EEC1807244}.Release|Any CPU.ActiveCfg = Release|Any CPU
		{246798B3-9250-4B2B-8E20-71EEC1807244}.Release|Any CPU.Build.0 = Release|Any CPU
		{E773C391-57F1-455E-B36D-5DA81A53AA5F}.Debug|Any CPU.ActiveCfg = Debug|Any CPU
		{E773C391-57F1-455E-B36D-5DA81A53AA5F}.Debug|Any CPU.Build.0 = Debug|Any CPU
		{E773C391-57F1-455E-B36D-5DA81A53AA5F}.Release|Any CPU.ActiveCfg = Release|Any CPU
		{E773C391-57F1-455E-B36D-5DA81A53AA5F}.Release|Any CPU.Build.0 = Release|Any CPU
	EndGlobalSection
	GlobalSection(SolutionProperties) = preSolution
		HideSolutionNode = FALSE
	EndGlobalSection
	GlobalSection(NestedProjects) = preSolution
		{E773C391-57F1-455E-B36D-5DA81A53AA5F} = {5372178B-29C8-4D71-BE21-EDC4F9F2045B}
	EndGlobalSection
	GlobalSection(ExtensibilityGlobals) = postSolution
		SolutionGuid = {D4D489A2-8DA4-4289-A312-F7B97C2C7DE0}
	EndGlobalSection
EndGlobal
